
Microsoft Visual Studio Solution File, Format Version 12.00
# Visual Studio Version 17
VisualStudioVersion = 17.0.31903.59
MinimumVisualStudioVersion = 10.0.40219.1
Project("{FAE04EC0-301F-11D3-BF4B-00C04F79EFBC}") = "Spotnet.Enc", "Spotnet.Enc\Spotnet.Enc.csproj", "{2912E23C-1650-4CFA-87DF-EB6BE3457A58}"
EndProject
Project("{FAE04EC0-301F-11D3-BF4B-00C04F79EFBC}") = "Spotnet", "Spotnet\Spotnet.csproj", "{A8FC0B04-BCB2-40BC-BCA2-CB8B543E6BC0}"
EndProject
Project("{FAE04EC0-301F-11D3-BF4B-00C04F79EFBC}") = "Spotnet.Tests", "Spotnet.Tests\Spotnet.Tests.csproj", "{E325C1B1-9BD5-467E-A976-2D8F0938E3E1}"
EndProject
Project("{FAE04EC0-301F-11D3-BF4B-00C04F79EFBC}") = "Spotnet.Core", "Spotnet.Core\Spotnet.Core.csproj", "{C1370EFA-8C39-41E9-95AC-4243C9A4E2C8}"
EndProject
Project("{FAE04EC0-301F-11D3-BF4B-00C04F79EFBC}") = "Spotnet.Mac", "Spotnet.Mac\Spotnet.Mac.csproj", "{4D5B587C-3F73-4791-A45B-002293277FD8}"
EndProject
Project("{FAE04EC0-301F-11D3-BF4B-00C04F79EFBC}") = "Spotnet.Mac.Tests", "Spotnet.Mac.Tests\Spotnet.Mac.Tests.csproj", "{1DDA5CD4-9B3E-4DB2-B625-355995EEE212}"
EndProject
Global
	GlobalSection(SolutionConfigurationPlatforms) = preSolution
		Debug|Any CPU = Debug|Any CPU
		Debug|x64 = Debug|x64
		Debug|x86 = Debug|x86
		Release|Any CPU = Release|Any CPU
		Release|x64 = Release|x64
		Release|x86 = Release|x86
	EndGlobalSection
	GlobalSection(ProjectConfigurationPlatforms) = postSolution
		{2912E23C-1650-4CFA-87DF-EB6BE3457A58}.Debug|Any CPU.ActiveCfg = Debug|Any CPU
		{2912E23C-1650-4CFA-87DF-EB6BE3457A58}.Debug|Any CPU.Build.0 = Debug|Any CPU
		{2912E23C-1650-4CFA-87DF-EB6BE3457A58}.Debug|x64.ActiveCfg = Debug|Any CPU
		{2912E23C-1650-4CFA-87DF-EB6BE3457A58}.Debug|x64.Build.0 = Debug|Any CPU
		{2912E23C-1650-4CFA-87DF-EB6BE3457A58}.Debug|x86.ActiveCfg = Debug|Any CPU
		{2912E23C-1650-4CFA-87DF-EB6BE3457A58}.Debug|x86.Build.0 = Debug|Any CPU
		{2912E23C-1650-4CFA-87DF-EB6BE3457A58}.Release|Any CPU.ActiveCfg = Release|Any CPU
		{2912E23C-1650-4CFA-87DF-EB6BE3457A58}.Release|Any CPU.Build.0 = Release|Any CPU
		{2912E23C-1650-4CFA-87DF-EB6BE3457A58}.Release|x64.ActiveCfg = Release|Any CPU
		{2912E23C-1650-4CFA-87DF-EB6BE3457A58}.Release|x64.Build.0 = Release|Any CPU
		{2912E23C-1650-4CFA-87DF-EB6BE3457A58}.Release|x86.ActiveCfg = Release|Any CPU
		{2912E23C-1650-4CFA-87DF-EB6BE3457A58}.Release|x86.Build.0 = Release|Any CPU
		{A8FC0B04-BCB2-40BC-BCA2-CB8B543E6BC0}.Debug|Any CPU.ActiveCfg = Debug|Any CPU
		{A8FC0B04-BCB2-40BC-BCA2-CB8B543E6BC0}.Debug|Any CPU.Build.0 = Debug|Any CPU
		{A8FC0B04-BCB2-40BC-BCA2-CB8B543E6BC0}.Debug|x64.ActiveCfg = Debug|Any CPU
		{A8FC0B04-BCB2-40BC-BCA2-CB8B543E6BC0}.Debug|x64.Build.0 = Debug|Any CPU
		{A8FC0B04-BCB2-40BC-BCA2-CB8B543E6BC0}.Debug|x86.ActiveCfg = Debug|Any CPU
		{A8FC0B04-BCB2-40BC-BCA2-CB8B543E6BC0}.Debug|x86.Build.0 = Debug|Any CPU
		{A8FC0B04-BCB2-40BC-BCA2-CB8B543E6BC0}.Release|Any CPU.ActiveCfg = Release|Any CPU
		{A8FC0B04-BCB2-40BC-BCA2-CB8B543E6BC0}.Release|Any CPU.Build.0 = Release|Any CPU
		{A8FC0B04-BCB2-40BC-BCA2-CB8B543E6BC0}.Release|x64.ActiveCfg = Release|Any CPU
		{A8FC0B04-BCB2-40BC-BCA2-CB8B543E6BC0}.Release|x64.Build.0 = Release|Any CPU
		{A8FC0B04-BCB2-40BC-BCA2-CB8B543E6BC0}.Release|x86.ActiveCfg = Release|Any CPU
		{A8FC0B04-BCB2-40BC-BCA2-CB8B543E6BC0}.Release|x86.Build.0 = Release|Any CPU
		{E325C1B1-9BD5-467E-A976-2D8F0938E3E1}.Debug|Any CPU.ActiveCfg = Debug|Any CPU
		{E325C1B1-9BD5-467E-A976-2D8F0938E3E1}.Debug|Any CPU.Build.0 = Debug|Any CPU
		{E325C1B1-9BD5-467E-A976-2D8F0938E3E1}.Debug|x64.ActiveCfg = Debug|Any CPU
		{E325C1B1-9BD5-467E-A976-2D8F0938E3E1}.Debug|x64.Build.0 = Debug|Any CPU
		{E325C1B1-9BD5-467E-A976-2D8F0938E3E1}.Debug|x86.ActiveCfg = Debug|Any CPU
		{E325C1B1-9BD5-467E-A976-2D8F0938E3E1}.Debug|x86.Build.0 = Debug|Any CPU
		{E325C1B1-9BD5-467E-A976-2D8F0938E3E1}.Release|Any CPU.ActiveCfg = Release|Any CPU
		{E325C1B1-9BD5-467E-A976-2D8F0938E3E1}.Release|Any CPU.Build.0 = Release|Any CPU
		{E325C1B1-9BD5-467E-A976-2D8F0938E3E1}.Release|x64.ActiveCfg = Release|Any CPU
		{E325C1B1-9BD5-467E-A976-2D8F0938E3E1}.Release|x64.Build.0 = Release|Any CPU
		{E325C1B1-9BD5-467E-A976-2D8F0938E3E1}.Release|x86.ActiveCfg = Release|Any CPU
		{E325C1B1-9BD5-467E-A976-2D8F0938E3E1}.Release|x86.Build.0 = Release|Any CPU
		{C1370EFA-8C39-41E9-95AC-4243C9A4E2C8}.Debug|Any CPU.ActiveCfg = Debug|Any CPU
		{C1370EFA-8C39-41E9-95AC-4243C9A4E2C8}.Debug|Any CPU.Build.0 = Debug|Any CPU
		{C1370EFA-8C39-41E9-95AC-4243C9A4E2C8}.Debug|x64.ActiveCfg = Debug|Any CPU
		{C1370EFA-8C39-41E9-95AC-4243C9A4E2C8}.Debug|x64.Build.0 = Debug|Any CPU
		{C1370EFA-8C39-41E9-95AC-4243C9A4E2C8}.Debug|x86.ActiveCfg = Debug|Any CPU
		{C1370EFA-8C39-41E9-95AC-4243C9A4E2C8}.Debug|x86.Build.0 = Debug|Any CPU
		{C1370EFA-8C39-41E9-95AC-4243C9A4E2C8}.Release|Any CPU.ActiveCfg = Release|Any CPU
		{C1370EFA-8C39-41E9-95AC-4243C9A4E2C8}.Release|Any CPU.Build.0 = Release|Any CPU
		{C1370EFA-8C39-41E9-95AC-4243C9A4E2C8}.Release|x64.ActiveCfg = Release|Any CPU
		{C1370EFA-8C39-41E9-95AC-4243C9A4E2C8}.Release|x64.Build.0 = Release|Any CPU
		{C1370EFA-8C39-41E9-95AC-4243C9A4E2C8}.Release|x86.ActiveCfg = Release|Any CPU
		{C1370EFA-8C39-41E9-95AC-4243C9A4E2C8}.Release|x86.Build.0 = Release|Any CPU
		{4D5B587C-3F73-4791-A45B-002293277FD8}.Debug|Any CPU.ActiveCfg = Debug|Any CPU
		{4D5B587C-3F73-4791-A45B-002293277FD8}.Debug|Any CPU.Build.0 = Debug|Any CPU
		{4D5B587C-3F73-4791-A45B-002293277FD8}.Debug|x64.ActiveCfg = Debug|Any CPU
		{4D5B587C-3F73-4791-A45B-002293277FD8}.Debug|x64.Build.0 = Debug|Any CPU
		{4D5B587C-3F73-4791-A45B-002293277FD8}.Debug|x86.ActiveCfg = Debug|Any CPU
		{4D5B587C-3F73-4791-A45B-002293277FD8}.Debug|x86.Build.0 = Debug|Any CPU
		{4D5B587C-3F73-4791-A45B-002293277FD8}.Release|Any CPU.ActiveCfg = Release|Any CPU
		{4D5B587C-3F73-4791-A45B-002293277FD8}.Release|Any CPU.Build.0 = Release|Any CPU
		{4D5B587C-3F73-4791-A45B-002293277FD8}.Release|x64.ActiveCfg = Release|Any CPU
		{4D5B587C-3F73-4791-A45B-002293277FD8}.Release|x64.Build.0 = Release|Any CPU
		{4D5B587C-3F73-4791-A45B-002293277FD8}.Release|x86.ActiveCfg = Release|Any CPU
		{4D5B587C-3F73-4791-A45B-002293277FD8}.Release|x86.Build.0 = Release|Any CPU
		{1DDA5CD4-9B3E-4DB2-B625-355995EEE212}.Debug|Any CPU.ActiveCfg = Debug|Any CPU
		{1DDA5CD4-9B3E-4DB2-B625-355995EEE212}.Debug|Any CPU.Build.0 = Debug|Any CPU
		{1DDA5CD4-9B3E-4DB2-B625-355995EEE212}.Debug|x64.ActiveCfg = Debug|Any CPU
		{1DDA5CD4-9B3E-4DB2-B625-355995EEE212}.Debug|x64.Build.0 = Debug|Any CPU
		{1DDA5CD4-9B3E-4DB2-B625-355995EEE212}.Debug|x86.ActiveCfg = Debug|Any CPU
		{1DDA5CD4-9B3E-4DB2-B625-355995EEE212}.Debug|x86.Build.0 = Debug|Any CPU
		{1DDA5CD4-9B3E-4DB2-B625-355995EEE212}.Release|Any CPU.ActiveCfg = Release|Any CPU
		{1DDA5CD4-9B3E-4DB2-B625-355995EEE212}.Release|Any CPU.Build.0 = Release|Any CPU
		{1DDA5CD4-9B3E-4DB2-B625-355995EEE212}.Release|x64.ActiveCfg = Release|Any CPU
		{1DDA5CD4-9B3E-4DB2-B625-355995EEE212}.Release|x64.Build.0 = Release|Any CPU
		{1DDA5CD4-9B3E-4DB2-B625-355995EEE212}.Release|x86.ActiveCfg = Release|Any CPU
		{1DDA5CD4-9B3E-4DB2-B625-355995EEE212}.Release|x86.Build.0 = Release|Any CPU
	EndGlobalSection
	GlobalSection(SolutionProperties) = preSolution
		HideSolutionNode = FALSE
	EndGlobalSection
EndGlobal
